
Microsoft Visual Studio Solution File, Format Version 12.00
# Visual Studio Version 16
VisualStudioVersion = 16.0.31205.134
MinimumVisualStudioVersion = 10.0.40219.1
Project("{FAE04EC0-301F-11D3-BF4B-00C04F79EFBC}") = "Database", "Phonebook\Database.csproj", "{F6B4D830-962A-408C-83EE-B512E1DABE6C}"
EndProject
Project("{FAE04EC0-301F-11D3-BF4B-00C04F79EFBC}") = "Database.Controls", "Phonebook.Controls\Database.Controls.csproj", "{C75DE69E-778F-410B-94B9-99F7B5218127}"
EndProject
Project("{FAE04EC0-301F-11D3-BF4B-00C04F79EFBC}") = "Database.Data", "Phonebook.Data\Database.Data.csproj", "{2D2F2955-A410-47BE-84C0-BA08A600133A}"
EndProject
Project("{FAE04EC0-301F-11D3-BF4B-00C04F79EFBC}") = "DatabaseWebService", "DatabaseWebService\DatabaseWebService.csproj", "{E18FF7FF-0363-4A5F-8CBB-9F171D836ABE}"
EndProject
Project("{FAE04EC0-301F-11D3-BF4B-00C04F79EFBC}") = "Database.Communication", "Database.Communication\Database.Communication.csproj", "{574CB97E-0E7E-4A42-BA4F-686FF5B653D9}"
	ProjectSection(ProjectDependencies) = postProject
		{E18FF7FF-0363-4A5F-8CBB-9F171D836ABE} = {E18FF7FF-0363-4A5F-8CBB-9F171D836ABE}
	EndProjectSection
EndProject
Global
	GlobalSection(SolutionConfigurationPlatforms) = preSolution
		Debug|Any CPU = Debug|Any CPU
		Release|Any CPU = Release|Any CPU
	EndGlobalSection
	GlobalSection(ProjectConfigurationPlatforms) = postSolution
		{F6B4D830-962A-408C-83EE-B512E1DABE6C}.Debug|Any CPU.ActiveCfg = Debug|Any CPU
		{F6B4D830-962A-408C-83EE-B512E1DABE6C}.Debug|Any CPU.Build.0 = Debug|Any CPU
		{F6B4D830-962A-408C-83EE-B512E1DABE6C}.Release|Any CPU.ActiveCfg = Release|Any CPU
		{F6B4D830-962A-408C-83EE-B512E1DABE6C}.Release|Any CPU.Build.0 = Release|Any CPU
		{C75DE69E-778F-410B-94B9-99F7B5218127}.Debug|Any CPU.ActiveCfg = Debug|Any CPU
		{C75DE69E-778F-410B-94B9-99F7B5218127}.Debug|Any CPU.Build.0 = Debug|Any CPU
		{C75DE69E-778F-410B-94B9-99F7B5218127}.Release|Any CPU.ActiveCfg = Release|Any CPU
		{C75DE69E-778F-410B-94B9-99F7B5218127}.Release|Any CPU.Build.0 = Release|Any CPU
		{2D2F2955-A410-47BE-84C0-BA08A600133A}.Debug|Any CPU.ActiveCfg = Debug|Any CPU
		{2D2F2955-A410-47BE-84C0-BA08A600133A}.Debug|Any CPU.Build.0 = Debug|Any CPU
		{2D2F2955-A410-47BE-84C0-BA08A600133A}.Release|Any CPU.ActiveCfg = Release|Any CPU
		{2D2F2955-A410-47BE-84C0-BA08A600133A}.Release|Any CPU.Build.0 = Release|Any CPU
		{E18FF7FF-0363-4A5F-8CBB-9F171D836ABE}.Debug|Any CPU.ActiveCfg = Debug|Any CPU
		{E18FF7FF-0363-4A5F-8CBB-9F171D836ABE}.Debug|Any CPU.Build.0 = Debug|Any CPU
		{E18FF7FF-0363-4A5F-8CBB-9F171D836ABE}.Release|Any CPU.ActiveCfg = Release|Any CPU
		{E18FF7FF-0363-4A5F-8CBB-9F171D836ABE}.Release|Any CPU.Build.0 = Release|Any CPU
		{574CB97E-0E7E-4A42-BA4F-686FF5B653D9}.Debug|Any CPU.ActiveCfg = Debug|Any CPU
		{574CB97E-0E7E-4A42-BA4F-686FF5B653D9}.Debug|Any CPU.Build.0 = Debug|Any CPU
		{574CB97E-0E7E-4A42-BA4F-686FF5B653D9}.Release|Any CPU.ActiveCfg = Release|Any CPU
		{574CB97E-0E7E-4A42-BA4F-686FF5B653D9}.Release|Any CPU.Build.0 = Release|Any CPU
	EndGlobalSection
	GlobalSection(SolutionProperties) = preSolution
		HideSolutionNode = FALSE
	EndGlobalSection
	GlobalSection(ExtensibilityGlobals) = postSolution
		SolutionGuid = {DF7F3AD4-F872-437B-A08C-DD124244C8DB}
	EndGlobalSection
EndGlobal
